
Microsoft Visual Studio Solution File, Format Version 12.00
# Visual Studio 15
VisualStudioVersion = 15.0.28010.2016
MinimumVisualStudioVersion = 10.0.40219.1
Project("{FAE04EC0-301F-11D3-BF4B-00C04F79EFBC}") = "AdBook", "AdBook\AdBook.csproj", "{2EF175DF-B4BD-491B-8BF4-BCB57CC26C24}"
EndProject
Global
	GlobalSection(SolutionConfigurationPlatforms) = preSolution
		Debug|Any CPU = Debug|Any CPU
		Release|Any CPU = Release|Any CPU
	EndGlobalSection
	GlobalSection(ProjectConfigurationPlatforms) = postSolution
		{2EF175DF-B4BD-491B-8BF4-BCB57CC26C24}.Debug|Any CPU.ActiveCfg = Debug|Any CPU
		{2EF175DF-B4BD-491B-8BF4-BCB57CC26C24}.Debug|Any CPU.Build.0 = Debug|Any CPU
		{2EF175DF-B4BD-491B-8BF4-BCB57CC26C24}.Release|Any CPU.ActiveCfg = Release|Any CPU
		{2EF175DF-B4BD-491B-8BF4-BCB57CC26C24}.Release|Any CPU.Build.0 = Release|Any CPU
	EndGlobalSection
	GlobalSection(SolutionProperties) = preSolution
		HideSolutionNode = FALSE
	EndGlobalSection
	GlobalSection(ExtensibilityGlobals) = postSolution
		SolutionGuid = {B36B6990-105C-4664-BEB7-0B339738CC4D}
	EndGlobalSection
EndGlobal
